
Microsoft Visual Studio Solution File, Format Version 12.00
# Visual Studio Version 16
VisualStudioVersion = 16.0.32106.194
MinimumVisualStudioVersion = 10.0.40219.1
Project("{8BC9CEB8-8B4A-11D0-8D11-00A0C91BC942}") = "client", "client\client.vcxproj", "{266C3948-2FBA-4776-A4DF-75BBE84EB818}"
EndProject
Global
	GlobalSection(SolutionConfigurationPlatforms) = preSolution
		Debug|x64 = Debug|x64
		Debug|x86 = Debug|x86
		Release|x64 = Release|x64
		Release|x86 = Release|x86
	EndGlobalSection
	GlobalSection(ProjectConfigurationPlatforms) = postSolution
		{266C3948-2FBA-4776-A4DF-75BBE84EB818}.Debug|x64.ActiveCfg = Debug|x64
		{266C3948-2FBA-4776-A4DF-75BBE84EB818}.Debug|x64.Build.0 = Debug|x64
		{266C3948-2FBA-4776-A4DF-75BBE84EB818}.Debug|x86.ActiveCfg = Debug|Win32
		{266C3948-2FBA-4776-A4DF-75BBE84EB818}.Debug|x86.Build.0 = Debug|Win32
		{266C3948-2FBA-4776-A4DF-75BBE84EB818}.Release|x64.ActiveCfg = Release|x64
		{266C3948-2FBA-4776-A4DF-75BBE84EB818}.Release|x64.Build.0 = Release|x64
		{266C3948-2FBA-4776-A4DF-75BBE84EB818}.Release|x86.ActiveCfg = Release|Win32
		{266C3948-2FBA-4776-A4DF-75BBE84EB818}.Release|x86.Build.0 = Release|Win32
	EndGlobalSection
	GlobalSection(SolutionProperties) = preSolution
		HideSolutionNode = FALSE
	EndGlobalSection
	GlobalSection(ExtensibilityGlobals) = postSolution
		SolutionGuid = {C248341B-8E64-43C8-A6EE-44A8E10B1B33}
	EndGlobalSection
EndGlobal
